
Microsoft Visual Studio Solution File, Format Version 12.00
# Visual Studio Version 16
VisualStudioVersion = 16.0.32602.291
MinimumVisualStudioVersion = 10.0.40219.1
Project("{2150E333-8FDC-42A3-9474-1A3956D46DE8}") = "src", "src", "{4EDBFC73-420E-4DAF-90E6-5F6A9AE0A8B5}"
EndProject
Project("{2150E333-8FDC-42A3-9474-1A3956D46DE8}") = "Core", "Core", "{A159B4E2-F9CD-4F46-82CD-6F4514E20DCA}"
EndProject
Project("{2150E333-8FDC-42A3-9474-1A3956D46DE8}") = "Infraestructure", "Infraestructure", "{DAEF697B-7DD6-429B-B22D-06D6AC01FB49}"
EndProject
Project("{2150E333-8FDC-42A3-9474-1A3956D46DE8}") = "Presentation", "Presentation", "{8050EE52-C8BF-4A33-822F-19F23A4CB4EA}"
EndProject
Project("{FAE04EC0-301F-11D3-BF4B-00C04F79EFBC}") = "Application", "Application\Application.csproj", "{DC61E8A9-15E1-4C09-995A-927093B9F87D}"
EndProject
Project("{FAE04EC0-301F-11D3-BF4B-00C04F79EFBC}") = "Domain", "Domain\Domain.csproj", "{8C8F11A2-76AE-44F4-8A0D-E73CE762D57A}"
EndProject
Project("{FAE04EC0-301F-11D3-BF4B-00C04F79EFBC}") = "Persistence", "Persistence\Persistence.csproj", "{1640DFC6-5EAB-47AA-8CBD-08FE06CED32A}"
EndProject
Project("{FAE04EC0-301F-11D3-BF4B-00C04F79EFBC}") = "Shared", "Shared\Shared.csproj", "{2D1726F4-12E7-4FF6-ACF8-CA3357A93B22}"
EndProject
Project("{FAE04EC0-301F-11D3-BF4B-00C04F79EFBC}") = "WebAPI", "WebAPI\WebAPI.csproj", "{21A8C6B9-4D6A-46A8-A4C9-763D0F346D06}"
EndProject
Global
	GlobalSection(SolutionConfigurationPlatforms) = preSolution
		Debug|Any CPU = Debug|Any CPU
		Release|Any CPU = Release|Any CPU
	EndGlobalSection
	GlobalSection(ProjectConfigurationPlatforms) = postSolution
		{DC61E8A9-15E1-4C09-995A-927093B9F87D}.Debug|Any CPU.ActiveCfg = Debug|Any CPU
		{DC61E8A9-15E1-4C09-995A-927093B9F87D}.Debug|Any CPU.Build.0 = Debug|Any CPU
		{DC61E8A9-15E1-4C09-995A-927093B9F87D}.Release|Any CPU.ActiveCfg = Release|Any CPU
		{DC61E8A9-15E1-4C09-995A-927093B9F87D}.Release|Any CPU.Build.0 = Release|Any CPU
		{8C8F11A2-76AE-44F4-8A0D-E73CE762D57A}.Debug|Any CPU.ActiveCfg = Debug|Any CPU
		{8C8F11A2-76AE-44F4-8A0D-E73CE762D57A}.Debug|Any CPU.Build.0 = Debug|Any CPU
		{8C8F11A2-76AE-44F4-8A0D-E73CE762D57A}.Release|Any CPU.ActiveCfg = Release|Any CPU
		{8C8F11A2-76AE-44F4-8A0D-E73CE762D57A}.Release|Any CPU.Build.0 = Release|Any CPU
		{1640DFC6-5EAB-47AA-8CBD-08FE06CED32A}.Debug|Any CPU.ActiveCfg = Debug|Any CPU
		{1640DFC6-5EAB-47AA-8CBD-08FE06CED32A}.Debug|Any CPU.Build.0 = Debug|Any CPU
		{1640DFC6-5EAB-47AA-8CBD-08FE06CED32A}.Release|Any CPU.ActiveCfg = Release|Any CPU
		{1640DFC6-5EAB-47AA-8CBD-08FE06CED32A}.Release|Any CPU.Build.0 = Release|Any CPU
		{2D1726F4-12E7-4FF6-ACF8-CA3357A93B22}.Debug|Any CPU.ActiveCfg = Debug|Any CPU
		{2D1726F4-12E7-4FF6-ACF8-CA3357A93B22}.Debug|Any CPU.Build.0 = Debug|Any CPU
		{2D1726F4-12E7-4FF6-ACF8-CA3357A93B22}.Release|Any CPU.ActiveCfg = Release|Any CPU
		{2D1726F4-12E7-4FF6-ACF8-CA3357A93B22}.Release|Any CPU.Build.0 = Release|Any CPU
		{21A8C6B9-4D6A-46A8-A4C9-763D0F346D06}.Debug|Any CPU.ActiveCfg = Debug|Any CPU
		{21A8C6B9-4D6A-46A8-A4C9-763D0F346D06}.Debug|Any CPU.Build.0 = Debug|Any CPU
		{21A8C6B9-4D6A-46A8-A4C9-763D0F346D06}.Release|Any CPU.ActiveCfg = Release|Any CPU
		{21A8C6B9-4D6A-46A8-A4C9-763D0F346D06}.Release|Any CPU.Build.0 = Release|Any CPU
	EndGlobalSection
	GlobalSection(SolutionProperties) = preSolution
		HideSolutionNode = FALSE
	EndGlobalSection
	GlobalSection(NestedProjects) = preSolution
		{A159B4E2-F9CD-4F46-82CD-6F4514E20DCA} = {4EDBFC73-420E-4DAF-90E6-5F6A9AE0A8B5}
		{DAEF697B-7DD6-429B-B22D-06D6AC01FB49} = {4EDBFC73-420E-4DAF-90E6-5F6A9AE0A8B5}
		{8050EE52-C8BF-4A33-822F-19F23A4CB4EA} = {4EDBFC73-420E-4DAF-90E6-5F6A9AE0A8B5}
		{DC61E8A9-15E1-4C09-995A-927093B9F87D} = {A159B4E2-F9CD-4F46-82CD-6F4514E20DCA}
		{8C8F11A2-76AE-44F4-8A0D-E73CE762D57A} = {A159B4E2-F9CD-4F46-82CD-6F4514E20DCA}
		{1640DFC6-5EAB-47AA-8CBD-08FE06CED32A} = {DAEF697B-7DD6-429B-B22D-06D6AC01FB49}
		{2D1726F4-12E7-4FF6-ACF8-CA3357A93B22} = {DAEF697B-7DD6-429B-B22D-06D6AC01FB49}
		{21A8C6B9-4D6A-46A8-A4C9-763D0F346D06} = {8050EE52-C8BF-4A33-822F-19F23A4CB4EA}
	EndGlobalSection
	GlobalSection(ExtensibilityGlobals) = postSolution
		SolutionGuid = {7A0C592D-C5DA-4499-9E58-B0942F4581CD}
	EndGlobalSection
EndGlobal
